
Microsoft Visual Studio Solution File, Format Version 12.00
# Visual Studio Version 17
VisualStudioVersion = 17.7.34003.232
MinimumVisualStudioVersion = 10.0.40219.1
Project("{FAE04EC0-301F-11D3-BF4B-00C04F79EFBC}") = "Persona", "Persona\Persona.csproj", "{212C4367-9C09-4229-82DE-81FB6059236B}"
EndProject
Global
	GlobalSection(SolutionConfigurationPlatforms) = preSolution
		Debug|Any CPU = Debug|Any CPU
		Release|Any CPU = Release|Any CPU
	EndGlobalSection
	GlobalSection(ProjectConfigurationPlatforms) = postSolution
		{212C4367-9C09-4229-82DE-81FB6059236B}.Debug|Any CPU.ActiveCfg = Debug|Any CPU
		{212C4367-9C09-4229-82DE-81FB6059236B}.Debug|Any CPU.Build.0 = Debug|Any CPU
		{212C4367-9C09-4229-82DE-81FB6059236B}.Release|Any CPU.ActiveCfg = Release|Any CPU
		{212C4367-9C09-4229-82DE-81FB6059236B}.Release|Any CPU.Build.0 = Release|Any CPU
	EndGlobalSection
	GlobalSection(SolutionProperties) = preSolution
		HideSolutionNode = FALSE
	EndGlobalSection
	GlobalSection(ExtensibilityGlobals) = postSolution
		SolutionGuid = {47FF438C-E592-4680-883E-1A03372586FF}
	EndGlobalSection
EndGlobal
