
Microsoft Visual Studio Solution File, Format Version 12.00
# Visual Studio Version 17
VisualStudioVersion = 17.7.34003.232
MinimumVisualStudioVersion = 10.0.40219.1
Project("{FAE04EC0-301F-11D3-BF4B-00C04F79EFBC}") = "MvcPelicula", "MvcPelicula\MvcPelicula.csproj", "{B710E514-A56C-416F-A9F5-F955B8D03FED}"
EndProject
Project("{2150E333-8FDC-42A3-9474-1A3956D46DE8}") = "Elementos de la solución", "Elementos de la solución", "{E3D10DC7-17D9-4055-A862-C8111E0F8885}"
EndProject
Global
	GlobalSection(SolutionConfigurationPlatforms) = preSolution
		Debug|Any CPU = Debug|Any CPU
		Release|Any CPU = Release|Any CPU
	EndGlobalSection
	GlobalSection(ProjectConfigurationPlatforms) = postSolution
		{B710E514-A56C-416F-A9F5-F955B8D03FED}.Debug|Any CPU.ActiveCfg = Debug|Any CPU
		{B710E514-A56C-416F-A9F5-F955B8D03FED}.Debug|Any CPU.Build.0 = Debug|Any CPU
		{B710E514-A56C-416F-A9F5-F955B8D03FED}.Release|Any CPU.ActiveCfg = Release|Any CPU
		{B710E514-A56C-416F-A9F5-F955B8D03FED}.Release|Any CPU.Build.0 = Release|Any CPU
	EndGlobalSection
	GlobalSection(SolutionProperties) = preSolution
		HideSolutionNode = FALSE
	EndGlobalSection
	GlobalSection(ExtensibilityGlobals) = postSolution
		SolutionGuid = {1C1D5223-6DB7-4F4B-A990-0D7A54A29409}
	EndGlobalSection
EndGlobal
